
Microsoft Visual Studio Solution File, Format Version 12.00
# Visual Studio 2015
Project("{FAE04EC0-301F-11D3-BF4B-00C04F79EFBC}") = "DevDayTutorial01", "DevDayTutorial01.csproj", "{DEAFA8D3-8A94-3C1E-A246-57C81F1EB9D2}"
EndProject
Project("{FAE04EC0-301F-11D3-BF4B-00C04F79EFBC}") = "DevDayTutorial01.Editor", "DevDayTutorial01.Editor.csproj", "{F1AB71CA-4018-256C-2D76-8FC6D76AC662}"
EndProject
Global
	GlobalSection(SolutionConfigurationPlatforms) = preSolution
		Debug|Any CPU = Debug|Any CPU
		Release|Any CPU = Release|Any CPU
	EndGlobalSection
	GlobalSection(ProjectConfigurationPlatforms) = postSolution
		{DEAFA8D3-8A94-3C1E-A246-57C81F1EB9D2}.Debug|Any CPU.ActiveCfg = Debug|Any CPU
		{DEAFA8D3-8A94-3C1E-A246-57C81F1EB9D2}.Debug|Any CPU.Build.0 = Debug|Any CPU
		{DEAFA8D3-8A94-3C1E-A246-57C81F1EB9D2}.Release|Any CPU.ActiveCfg = Release|Any CPU
		{DEAFA8D3-8A94-3C1E-A246-57C81F1EB9D2}.Release|Any CPU.Build.0 = Release|Any CPU
		{F1AB71CA-4018-256C-2D76-8FC6D76AC662}.Debug|Any CPU.ActiveCfg = Debug|Any CPU
		{F1AB71CA-4018-256C-2D76-8FC6D76AC662}.Debug|Any CPU.Build.0 = Debug|Any CPU
		{F1AB71CA-4018-256C-2D76-8FC6D76AC662}.Release|Any CPU.ActiveCfg = Release|Any CPU
		{F1AB71CA-4018-256C-2D76-8FC6D76AC662}.Release|Any CPU.Build.0 = Release|Any CPU
	EndGlobalSection
	GlobalSection(SolutionProperties) = preSolution
		HideSolutionNode = FALSE
	EndGlobalSection
EndGlobal
